// !$*UTF8*$!
{
	archiveVersion = 1;
	classes = {
	};
	objectVersion = 50;
	objects = {

/* Begin PBXBuildFile section */
		4F602D6B229BEA3F00E5D9A9 /* AppDelegate.swift in Sources */ = {isa = PBXBuildFile; fileRef = 4F602D6A229BEA3F00E5D9A9 /* AppDelegate.swift */; };
		4F602D6D229BEA3F00E5D9A9 /* ViewController.swift in Sources */ = {isa = PBXBuildFile; fileRef = 4F602D6C229BEA3F00E5D9A9 /* ViewController.swift */; };
		4F602D70229BEA3F00E5D9A9 /* Main.storyboard in Resources */ = {isa = PBXBuildFile; fileRef = 4F602D6E229BEA3F00E5D9A9 /* Main.storyboard */; };
		4F602D72229BEA4000E5D9A9 /* Assets.xcassets in Resources */ = {isa = PBXBuildFile; fileRef = 4F602D71229BEA4000E5D9A9 /* Assets.xcassets */; };
		4F602D75229BEA4000E5D9A9 /* LaunchScreen.storyboard in Resources */ = {isa = PBXBuildFile; fileRef = 4F602D73229BEA4000E5D9A9 /* LaunchScreen.storyboard */; };
		4F602D80229BEA4000E5D9A9 /* TestDrivenDevDemoTests.swift in Sources */ = {isa = PBXBuildFile; fileRef = 4F602D7F229BEA4000E5D9A9 /* TestDrivenDevDemoTests.swift */; };
		4F602D8B229BEA4000E5D9A9 /* TestDrivenDevDemoUITests.swift in Sources */ = {isa = PBXBuildFile; fileRef = 4F602D8A229BEA4000E5D9A9 /* TestDrivenDevDemoUITests.swift */; };
		4F602D99229BEA6800E5D9A9 /* FlowTest.swift in Sources */ = {isa = PBXBuildFile; fileRef = 4F602D98229BEA6800E5D9A9 /* FlowTest.swift */; };
		4F602D9B229BEB5800E5D9A9 /* Flow.swift in Sources */ = {isa = PBXBuildFile; fileRef = 4F602D9A229BEB5800E5D9A9 /* Flow.swift */; };
/* End PBXBuildFile section */

/* Begin PBXContainerItemProxy section */
		4F602D7C229BEA4000E5D9A9 /* PBXContainerItemProxy */ = {
			isa = PBXContainerItemProxy;
			containerPortal = 4F602D5F229BEA3F00E5D9A9 /* Project object */;
			proxyType = 1;
			remoteGlobalIDString = 4F602D66229BEA3F00E5D9A9;
			remoteInfo = TestDrivenDevDemo;
		};
		4F602D87229BEA4000E5D9A9 /* PBXContainerItemProxy */ = {
			isa = PBXContainerItemProxy;
			containerPortal = 4F602D5F229BEA3F00E5D9A9 /* Project object */;
			proxyType = 1;
			remoteGlobalIDString = 4F602D66229BEA3F00E5D9A9;
			remoteInfo = TestDrivenDevDemo;
		};
/* End PBXContainerItemProxy section */

/* Begin PBXFileReference section */
		4F602D67229BEA3F00E5D9A9 /* TestDrivenDevDemo.app */ = {isa = PBXFileReference; explicitFileType = wrapper.application; includeInIndex = 0; path = TestDrivenDevDemo.app; sourceTree = BUILT_PRODUCTS_DIR; };
		4F602D6A229BEA3F00E5D9A9 /* AppDelegate.swift */ = {isa = PBXFileReference; lastKnownFileType = sourcecode.swift; path = AppDelegate.swift; sourceTree = "<group>"; };
		4F602D6C229BEA3F00E5D9A9 /* ViewController.swift */ = {isa = PBXFileReference; lastKnownFileType = sourcecode.swift; path = ViewController.swift; sourceTree = "<group>"; };
		4F602D6F229BEA3F00E5D9A9 /* Base */ = {isa = PBXFileReference; lastKnownFileType = file.storyboard; name = Base; path = Base.lproj/Main.storyboard; sourceTree = "<group>"; };
		4F602D71229BEA4000E5D9A9 /* Assets.xcassets */ = {isa = PBXFileReference; lastKnownFileType = folder.assetcatalog; path = Assets.xcassets; sourceTree = "<group>"; };
		4F602D74229BEA4000E5D9A9 /* Base */ = {isa = PBXFileReference; lastKnownFileType = file.storyboard; name = Base; path = Base.lproj/LaunchScreen.storyboard; sourceTree = "<group>"; };
		4F602D76229BEA4000E5D9A9 /* Info.plist */ = {isa = PBXFileReference; lastKnownFileType = text.plist.xml; path = Info.plist; sourceTree = "<group>"; };
		4F602D7B229BEA4000E5D9A9 /* TestDrivenDevDemoTests.xctest */ = {isa = PBXFileReference; explicitFileType = wrapper.cfbundle; includeInIndex = 0; path = TestDrivenDevDemoTests.xctest; sourceTree = BUILT_PRODUCTS_DIR; };
		4F602D7F229BEA4000E5D9A9 /* TestDrivenDevDemoTests.swift */ = {isa = PBXFileReference; lastKnownFileType = sourcecode.swift; path = TestDrivenDevDemoTests.swift; sourceTree = "<group>"; };
		4F602D81229BEA4000E5D9A9 /* Info.plist */ = {isa = PBXFileReference; lastKnownFileType = text.plist.xml; path = Info.plist; sourceTree = "<group>"; };
		4F602D86229BEA4000E5D9A9 /* TestDrivenDevDemoUITests.xctest */ = {isa = PBXFileReference; explicitFileType = wrapper.cfbundle; includeInIndex = 0; path = TestDrivenDevDemoUITests.xctest; sourceTree = BUILT_PRODUCTS_DIR; };
		4F602D8A229BEA4000E5D9A9 /* TestDrivenDevDemoUITests.swift */ = {isa = PBXFileReference; lastKnownFileType = sourcecode.swift; path = TestDrivenDevDemoUITests.swift; sourceTree = "<group>"; };
		4F602D8C229BEA4000E5D9A9 /* Info.plist */ = {isa = PBXFileReference; lastKnownFileType = text.plist.xml; path = Info.plist; sourceTree = "<group>"; };
		4F602D98229BEA6800E5D9A9 /* FlowTest.swift */ = {isa = PBXFileReference; lastKnownFileType = sourcecode.swift; path = FlowTest.swift; sourceTree = "<group>"; };
		4F602D9A229BEB5800E5D9A9 /* Flow.swift */ = {isa = PBXFileReference; lastKnownFileType = sourcecode.swift; path = Flow.swift; sourceTree = "<group>"; };
/* End PBXFileReference section */

/* Begin PBXFrameworksBuildPhase section */
		4F602D64229BEA3F00E5D9A9 /* Frameworks */ = {
			isa = PBXFrameworksBuildPhase;
			buildActionMask = 2147483647;
			files = (
			);
			runOnlyForDeploymentPostprocessing = 0;
		};
		4F602D78229BEA4000E5D9A9 /* Frameworks */ = {
			isa = PBXFrameworksBuildPhase;
			buildActionMask = 2147483647;
			files = (
			);
			runOnlyForDeploymentPostprocessing = 0;
		};
		4F602D83229BEA4000E5D9A9 /* Frameworks */ = {
			isa = PBXFrameworksBuildPhase;
			buildActionMask = 2147483647;
			files = (
			);
			runOnlyForDeploymentPostprocessing = 0;
		};
/* End PBXFrameworksBuildPhase section */

/* Begin PBXGroup section */
		4F602D5E229BEA3F00E5D9A9 = {
			isa = PBXGroup;
			children = (
				4F602D69229BEA3F00E5D9A9 /* TestDrivenDevDemo */,
				4F602D7E229BEA4000E5D9A9 /* TestDrivenDevDemoTests */,
				4F602D89229BEA4000E5D9A9 /* TestDrivenDevDemoUITests */,
				4F602D68229BEA3F00E5D9A9 /* Products */,
			);
			sourceTree = "<group>";
		};
		4F602D68229BEA3F00E5D9A9 /* Products */ = {
			isa = PBXGroup;
			children = (
				4F602D67229BEA3F00E5D9A9 /* TestDrivenDevDemo.app */,
				4F602D7B229BEA4000E5D9A9 /* TestDrivenDevDemoTests.xctest */,
				4F602D86229BEA4000E5D9A9 /* TestDrivenDevDemoUITests.xctest */,
			);
			name = Products;
			sourceTree = "<group>";
		};
		4F602D69229BEA3F00E5D9A9 /* TestDrivenDevDemo */ = {
			isa = PBXGroup;
			children = (
				4F602D6A229BEA3F00E5D9A9 /* AppDelegate.swift */,
				4F602D6C229BEA3F00E5D9A9 /* ViewController.swift */,
				4F602D6E229BEA3F00E5D9A9 /* Main.storyboard */,
				4F602D71229BEA4000E5D9A9 /* Assets.xcassets */,
				4F602D73229BEA4000E5D9A9 /* LaunchScreen.storyboard */,
				4F602D76229BEA4000E5D9A9 /* Info.plist */,
				4F602D9A229BEB5800E5D9A9 /* Flow.swift */,
			);
			path = TestDrivenDevDemo;
			sourceTree = "<group>";
		};
		4F602D7E229BEA4000E5D9A9 /* TestDrivenDevDemoTests */ = {
			isa = PBXGroup;
			children = (
				4F602D7F229BEA4000E5D9A9 /* TestDrivenDevDemoTests.swift */,
				4F602D81229BEA4000E5D9A9 /* Info.plist */,
				4F602D98229BEA6800E5D9A9 /* FlowTest.swift */,
			);
			path = TestDrivenDevDemoTests;
			sourceTree = "<group>";
		};
		4F602D89229BEA4000E5D9A9 /* TestDrivenDevDemoUITests */ = {
			isa = PBXGroup;
			children = (
				4F602D8A229BEA4000E5D9A9 /* TestDrivenDevDemoUITests.swift */,
				4F602D8C229BEA4000E5D9A9 /* Info.plist */,
			);
			path = TestDrivenDevDemoUITests;
			sourceTree = "<group>";
		};
/* End PBXGroup section */

/* Begin PBXNativeTarget section */
		4F602D66229BEA3F00E5D9A9 /* TestDrivenDevDemo */ = {
			isa = PBXNativeTarget;
			buildConfigurationList = 4F602D8F229BEA4000E5D9A9 /* Build configuration list for PBXNativeTarget "TestDrivenDevDemo" */;
			buildPhases = (
				4F602D63229BEA3F00E5D9A9 /* Sources */,
				4F602D64229BEA3F00E5D9A9 /* Frameworks */,
				4F602D65229BEA3F00E5D9A9 /* Resources */,
			);
			buildRules = (
			);
			dependencies = (
			);
			name = TestDrivenDevDemo;
			productName = TestDrivenDevDemo;
			productReference = 4F602D67229BEA3F00E5D9A9 /* TestDrivenDevDemo.app */;
			productType = "com.apple.product-type.application";
		};
		4F602D7A229BEA4000E5D9A9 /* TestDrivenDevDemoTests */ = {
			isa = PBXNativeTarget;
			buildConfigurationList = 4F602D92229BEA4000E5D9A9 /* Build configuration list for PBXNativeTarget "TestDrivenDevDemoTests" */;
			buildPhases = (
				4F602D77229BEA4000E5D9A9 /* Sources */,
				4F602D78229BEA4000E5D9A9 /* Frameworks */,
				4F602D79229BEA4000E5D9A9 /* Resources */,
			);
			buildRules = (
			);
			dependencies = (
				4F602D7D229BEA4000E5D9A9 /* PBXTargetDependency */,
			);
			name = TestDrivenDevDemoTests;
			productName = TestDrivenDevDemoTests;
			productReference = 4F602D7B229BEA4000E5D9A9 /* TestDrivenDevDemoTests.xctest */;
			productType = "com.apple.product-type.bundle.unit-test";
		};
		4F602D85229BEA4000E5D9A9 /* TestDrivenDevDemoUITests */ = {
			isa = PBXNativeTarget;
			buildConfigurationList = 4F602D95229BEA4000E5D9A9 /* Build configuration list for PBXNativeTarget "TestDrivenDevDemoUITests" */;
			buildPhases = (
				4F602D82229BEA4000E5D9A9 /* Sources */,
				4F602D83229BEA4000E5D9A9 /* Frameworks */,
				4F602D84229BEA4000E5D9A9 /* Resources */,
			);
			buildRules = (
			);
			dependencies = (
				4F602D88229BEA4000E5D9A9 /* PBXTargetDependency */,
			);
			name = TestDrivenDevDemoUITests;
			productName = TestDrivenDevDemoUITests;
			productReference = 4F602D86229BEA4000E5D9A9 /* TestDrivenDevDemoUITests.xctest */;
			productType = "com.apple.product-type.bundle.ui-testing";
		};
/* End PBXNativeTarget section */

/* Begin PBXProject section */
		4F602D5F229BEA3F00E5D9A9 /* Project object */ = {
			isa = PBXProject;
			attributes = {
				LastSwiftUpdateCheck = 1010;
				LastUpgradeCheck = 1010;
				ORGANIZATIONNAME = "Manish Sharma";
				TargetAttributes = {
					4F602D66229BEA3F00E5D9A9 = {
						CreatedOnToolsVersion = 10.1;
					};
					4F602D7A229BEA4000E5D9A9 = {
						CreatedOnToolsVersion = 10.1;
						TestTargetID = 4F602D66229BEA3F00E5D9A9;
					};
					4F602D85229BEA4000E5D9A9 = {
						CreatedOnToolsVersion = 10.1;
						TestTargetID = 4F602D66229BEA3F00E5D9A9;
					};
				};
			};
			buildConfigurationList = 4F602D62229BEA3F00E5D9A9 /* Build configuration list for PBXProject "TestDrivenDevDemo" */;
			compatibilityVersion = "Xcode 9.3";
			developmentRegion = en;
			hasScannedForEncodings = 0;
			knownRegions = (
				en,
				Base,
			);
			mainGroup = 4F602D5E229BEA3F00E5D9A9;
			productRefGroup = 4F602D68229BEA3F00E5D9A9 /* Products */;
			projectDirPath = "";
			projectRoot = "";
			targets = (
				4F602D66229BEA3F00E5D9A9 /* TestDrivenDevDemo */,
				4F602D7A229BEA4000E5D9A9 /* TestDrivenDevDemoTests */,
				4F602D85229BEA4000E5D9A9 /* TestDrivenDevDemoUITests */,
			);
		};
/* End PBXProject section */

/* Begin PBXResourcesBuildPhase section */
		4F602D65229BEA3F00E5D9A9 /* Resources */ = {
			isa = PBXResourcesBuildPhase;
			buildActionMask = 2147483647;
			files = (
				4F602D75229BEA4000E5D9A9 /* LaunchScreen.storyboard in Resources */,
				4F602D72229BEA4000E5D9A9 /* Assets.xcassets in Resources */,
				4F602D70229BEA3F00E5D9A9 /* Main.storyboard in Resources */,
			);
			runOnlyForDeploymentPostprocessing = 0;
		};
		4F602D79229BEA4000E5D9A9 /* Resources */ = {
			isa = PBXResourcesBuildPhase;
			buildActionMask = 2147483647;
			files = (
			);
			runOnlyForDeploymentPostprocessing = 0;
		};
		4F602D84229BEA4000E5D9A9 /* Resources */ = {
			isa = PBXResourcesBuildPhase;
			buildActionMask = 2147483647;
			files = (
			);
			runOnlyForDeploymentPostprocessing = 0;
		};
/* End PBXResourcesBuildPhase section */

/* Begin PBXSourcesBuildPhase section */
		4F602D63229BEA3F00E5D9A9 /* Sources */ = {
			isa = PBXSourcesBuildPhase;
			buildActionMask = 2147483647;
			files = (
				4F602D9B229BEB5800E5D9A9 /* Flow.swift in Sources */,
				4F602D6D229BEA3F00E5D9A9 /* ViewController.swift in Sources */,
				4F602D6B229BEA3F00E5D9A9 /* AppDelegate.swift in Sources */,
			);
			runOnlyForDeploymentPostprocessing = 0;
		};
		4F602D77229BEA4000E5D9A9 /* Sources */ = {
			isa = PBXSourcesBuildPhase;
			buildActionMask = 2147483647;
			files = (
				4F602D80229BEA4000E5D9A9 /* TestDrivenDevDemoTests.swift in Sources */,
				4F602D99229BEA6800E5D9A9 /* FlowTest.swift in Sources */,
			);
			runOnlyForDeploymentPostprocessing = 0;
		};
		4F602D82229BEA4000E5D9A9 /* Sources */ = {
			isa = PBXSourcesBuildPhase;
			buildActionMask = 2147483647;
			files = (
				4F602D8B229BEA4000E5D9A9 /* TestDrivenDevDemoUITests.swift in Sources */,
			);
			runOnlyForDeploymentPostprocessing = 0;
		};
/* End PBXSourcesBuildPhase section */

/* Begin PBXTargetDependency section */
		4F602D7D229BEA4000E5D9A9 /* PBXTargetDependency */ = {
			isa = PBXTargetDependency;
			target = 4F602D66229BEA3F00E5D9A9 /* TestDrivenDevDemo */;
			targetProxy = 4F602D7C229BEA4000E5D9A9 /* PBXContainerItemProxy */;
		};
		4F602D88229BEA4000E5D9A9 /* PBXTargetDependency */ = {
			isa = PBXTargetDependency;
			target = 4F602D66229BEA3F00E5D9A9 /* TestDrivenDevDemo */;
			targetProxy = 4F602D87229BEA4000E5D9A9 /* PBXContainerItemProxy */;
		};
/* End PBXTargetDependency section */

/* Begin PBXVariantGroup section */
		4F602D6E229BEA3F00E5D9A9 /* Main.storyboard */ = {
			isa = PBXVariantGroup;
			children = (
				4F602D6F229BEA3F00E5D9A9 /* Base */,
			);
			name = Main.storyboard;
			sourceTree = "<group>";
		};
		4F602D73229BEA4000E5D9A9 /* LaunchScreen.storyboard */ = {
			isa = PBXVariantGroup;
			children = (
				4F602D74229BEA4000E5D9A9 /* Base */,
			);
			name = LaunchScreen.storyboard;
			sourceTree = "<group>";
		};
/* End PBXVariantGroup section */

/* Begin XCBuildConfiguration section */
		4F602D8D229BEA4000E5D9A9 /* Debug */ = {
			isa = XCBuildConfiguration;
			buildSettings = {
				ALWAYS_SEARCH_USER_PATHS = NO;
				CLANG_ANALYZER_NONNULL = YES;
				CLANG_ANALYZER_NUMBER_OBJECT_CONVERSION = YES_AGGRESSIVE;
				CLANG_CXX_LANGUAGE_STANDARD = "gnu++14";
				CLANG_CXX_LIBRARY = "libc++";
				CLANG_ENABLE_MODULES = YES;
				CLANG_ENABLE_OBJC_ARC = YES;
				CLANG_ENABLE_OBJC_WEAK = YES;
				CLANG_WARN_BLOCK_CAPTURE_AUTORELEASING = YES;
				CLANG_WARN_BOOL_CONVERSION = YES;
				CLANG_WARN_COMMA = YES;
				CLANG_WARN_CONSTANT_CONVERSION = YES;
				CLANG_WARN_DEPRECATED_OBJC_IMPLEMENTATIONS = YES;
				CLANG_WARN_DIRECT_OBJC_ISA_USAGE = YES_ERROR;
				CLANG_WARN_DOCUMENTATION_COMMENTS = YES;
				CLANG_WARN_EMPTY_BODY = YES;
				CLANG_WARN_ENUM_CONVERSION = YES;
				CLANG_WARN_INFINITE_RECURSION = YES;
				CLANG_WARN_INT_CONVERSION = YES;
				CLANG_WARN_NON_LITERAL_NULL_CONVERSION = YES;
				CLANG_WARN_OBJC_IMPLICIT_RETAIN_SELF = YES;
				CLANG_WARN_OBJC_LITERAL_CONVERSION = YES;
				CLANG_WARN_OBJC_ROOT_CLASS = YES_ERROR;
				CLANG_WARN_RANGE_LOOP_ANALYSIS = YES;
				CLANG_WARN_STRICT_PROTOTYPES = YES;
				CLANG_WARN_SUSPICIOUS_MOVE = YES;
				CLANG_WARN_UNGUARDED_AVAILABILITY = YES_AGGRESSIVE;
				CLANG_WARN_UNREACHABLE_CODE = YES;
				CLANG_WARN__DUPLICATE_METHOD_MATCH = YES;
				CODE_SIGN_IDENTITY = "iPhone Developer";
				COPY_PHASE_STRIP = NO;
				DEBUG_INFORMATION_FORMAT = dwarf;
				ENABLE_STRICT_OBJC_MSGSEND = YES;
				ENABLE_TESTABILITY = YES;
				GCC_C_LANGUAGE_STANDARD = gnu11;
				GCC_DYNAMIC_NO_PIC = NO;
				GCC_NO_COMMON_BLOCKS = YES;
				GCC_OPTIMIZATION_LEVEL = 0;
				GCC_PREPROCESSOR_DEFINITIONS = (
					"DEBUG=1",
					"$(inherited)",
				);
				GCC_WARN_64_TO_32_BIT_CONVERSION = YES;
				GCC_WARN_ABOUT_RETURN_TYPE = YES_ERROR;
				GCC_WARN_UNDECLARED_SELECTOR = YES;
				GCC_WARN_UNINITIALIZED_AUTOS = YES_AGGRESSIVE;
				GCC_WARN_UNUSED_FUNCTION = YES;
				GCC_WARN_UNUSED_VARIABLE = YES;
				IPHONEOS_DEPLOYMENT_TARGET = 12.1;
				MTL_ENABLE_DEBUG_INFO = INCLUDE_SOURCE;
				MTL_FAST_MATH = YES;
				ONLY_ACTIVE_ARCH = YES;
				SDKROOT = iphoneos;
				SWIFT_ACTIVE_COMPILATION_CONDITIONS = DEBUG;
				SWIFT_OPTIMIZATION_LEVEL = "-Onone";
			};
			name = Debug;
		};
		4F602D8E229BEA4000E5D9A9 /* Release */ = {
			isa = XCBuildConfiguration;
			buildSettings = {
				ALWAYS_SEARCH_USER_PATHS = NO;
				CLANG_ANALYZER_NONNULL = YES;
				CLANG_ANALYZER_NUMBER_OBJECT_CONVERSION = YES_AGGRESSIVE;
				CLANG_CXX_LANGUAGE_STANDARD = "gnu++14";
				CLANG_CXX_LIBRARY = "libc++";
				CLANG_ENABLE_MODULES = YES;
				CLANG_ENABLE_OBJC_ARC = YES;
				CLANG_ENABLE_OBJC_WEAK = YES;
				CLANG_WARN_BLOCK_CAPTURE_AUTORELEASING = YES;
				CLANG_WARN_BOOL_CONVERSION = YES;
				CLANG_WARN_COMMA = YES;
				CLANG_WARN_CONSTANT_CONVERSION = YES;
				CLANG_WARN_DEPRECATED_OBJC_IMPLEMENTATIONS = YES;
				CLANG_WARN_DIRECT_OBJC_ISA_USAGE = YES_ERROR;
				CLANG_WARN_DOCUMENTATION_COMMENTS = YES;
				CLANG_WARN_EMPTY_BODY = YES;
				CLANG_WARN_ENUM_CONVERSION = YES;
				CLANG_WARN_INFINITE_RECURSION = YES;
				CLANG_WARN_INT_CONVERSION = YES;
				CLANG_WARN_NON_LITERAL_NULL_CONVERSION = YES;
				CLANG_WARN_OBJC_IMPLICIT_RETAIN_SELF = YES;
				CLANG_WARN_OBJC_LITERAL_CONVERSION = YES;
				CLANG_WARN_OBJC_ROOT_CLASS = YES_ERROR;
				CLANG_WARN_RANGE_LOOP_ANALYSIS = YES;
				CLANG_WARN_STRICT_PROTOTYPES = YES;
				CLANG_WARN_SUSPICIOUS_MOVE = YES;
				CLANG_WARN_UNGUARDED_AVAILABILITY = YES_AGGRESSIVE;
				CLANG_WARN_UNREACHABLE_CODE = YES;
				CLANG_WARN__DUPLICATE_METHOD_MATCH = YES;
				CODE_SIGN_IDENTITY = "iPhone Developer";
				COPY_PHASE_STRIP = NO;
				DEBUG_INFORMATION_FORMAT = "dwarf-with-dsym";
				ENABLE_NS_ASSERTIONS = NO;
				ENABLE_STRICT_OBJC_MSGSEND = YES;
				GCC_C_LANGUAGE_STANDARD = gnu11;
				GCC_NO_COMMON_BLOCKS = YES;
				GCC_WARN_64_TO_32_BIT_CONVERSION = YES;
				GCC_WARN_ABOUT_RETURN_TYPE = YES_ERROR;
				GCC_WARN_UNDECLARED_SELECTOR = YES;
				GCC_WARN_UNINITIALIZED_AUTOS = YES_AGGRESSIVE;
				GCC_WARN_UNUSED_FUNCTION = YES;
				GCC_WARN_UNUSED_VARIABLE = YES;
				IPHONEOS_DEPLOYMENT_TARGET = 12.1;
				MTL_ENABLE_DEBUG_INFO = NO;
				MTL_FAST_MATH = YES;
				SDKROOT = iphoneos;
				SWIFT_COMPILATION_MODE = wholemodule;
				SWIFT_OPTIMIZATION_LEVEL = "-O";
				VALIDATE_PRODUCT = YES;
			};
			name = Release;
		};
		4F602D90229BEA4000E5D9A9 /* Debug */ = {
			isa = XCBuildConfiguration;
			buildSettings = {
				ASSETCATALOG_COMPILER_APPICON_NAME = AppIcon;
				CODE_SIGN_STYLE = Automatic;
				INFOPLIST_FILE = TestDrivenDevDemo/Info.plist;
				LD_RUNPATH_SEARCH_PATHS = (
					"$(inherited)",
					"@executable_path/Frameworks",
				);
				PRODUCT_BUNDLE_IDENTIFIER = com.iTouchvision.TestDrivenDevDemo;
				PRODUCT_NAME = "$(TARGET_NAME)";
				SWIFT_VERSION = 4.2;
				TARGETED_DEVICE_FAMILY = "1,2";
			};
			name = Debug;
		};
		4F602D91229BEA4000E5D9A9 /* Release */ = {
			isa = XCBuildConfiguration;
			buildSettings = {
				ASSETCATALOG_COMPILER_APPICON_NAME = AppIcon;
				CODE_SIGN_STYLE = Automatic;
				INFOPLIST_FILE = TestDrivenDevDemo/Info.plist;
				LD_RUNPATH_SEARCH_PATHS = (
					"$(inherited)",
					"@executable_path/Frameworks",
				);
				PRODUCT_BUNDLE_IDENTIFIER = com.iTouchvision.TestDrivenDevDemo;
				PRODUCT_NAME = "$(TARGET_NAME)";
				SWIFT_VERSION = 4.2;
				TARGETED_DEVICE_FAMILY = "1,2";
			};
			name = Release;
		};
		4F602D93229BEA4000E5D9A9 /* Debug */ = {
			isa = XCBuildConfiguration;
			buildSettings = {
				ALWAYS_EMBED_SWIFT_STANDARD_LIBRARIES = YES;
				BUNDLE_LOADER = "$(TEST_HOST)";
				CODE_SIGN_STYLE = Automatic;
				INFOPLIST_FILE = TestDrivenDevDemoTests/Info.plist;
				LD_RUNPATH_SEARCH_PATHS = (
					"$(inherited)",
					"@executable_path/Frameworks",
					"@loader_path/Frameworks",
				);
				PRODUCT_BUNDLE_IDENTIFIER = com.iTouchvision.TestDrivenDevDemoTests;
				PRODUCT_NAME = "$(TARGET_NAME)";
				SWIFT_VERSION = 4.2;
				TARGETED_DEVICE_FAMILY = "1,2";
				TEST_HOST = "$(BUILT_PRODUCTS_DIR)/TestDrivenDevDemo.app/TestDrivenDevDemo";
			};
			name = Debug;
		};
		4F602D94229BEA4000E5D9A9 /* Release */ = {
			isa = XCBuildConfiguration;
			buildSettings = {
				ALWAYS_EMBED_SWIFT_STANDARD_LIBRARIES = YES;
				BUNDLE_LOADER = "$(TEST_HOST)";
				CODE_SIGN_STYLE = Automatic;
				INFOPLIST_FILE = TestDrivenDevDemoTests/Info.plist;
				LD_RUNPATH_SEARCH_PATHS = (
					"$(inherited)",
					"@executable_path/Frameworks",
					"@loader_path/Frameworks",
				);
				PRODUCT_BUNDLE_IDENTIFIER = com.iTouchvision.TestDrivenDevDemoTests;
				PRODUCT_NAME = "$(TARGET_NAME)";
				SWIFT_VERSION = 4.2;
				TARGETED_DEVICE_FAMILY = "1,2";
				TEST_HOST = "$(BUILT_PRODUCTS_DIR)/TestDrivenDevDemo.app/TestDrivenDevDemo";
			};
			name = Release;
		};
		4F602D96229BEA4000E5D9A9 /* Debug */ = {
			isa = XCBuildConfiguration;
			buildSettings = {
				ALWAYS_EMBED_SWIFT_STANDARD_LIBRARIES = YES;
				CODE_SIGN_STYLE = Automatic;
				INFOPLIST_FILE = TestDrivenDevDemoUITests/Info.plist;
				LD_RUNPATH_SEARCH_PATHS = (
					"$(inherited)",
					"@executable_path/Frameworks",
					"@loader_path/Frameworks",
				);
				PRODUCT_BUNDLE_IDENTIFIER = com.iTouchvision.TestDrivenDevDemoUITests;
				PRODUCT_NAME = "$(TARGET_NAME)";
				SWIFT_VERSION = 4.2;
				TARGETED_DEVICE_FAMILY = "1,2";
				TEST_TARGET_NAME = TestDrivenDevDemo;
			};
			name = Debug;
		};
		4F602D97229BEA4000E5D9A9 /* Release */ = {
			isa = XCBuildConfiguration;
			buildSettings = {
				ALWAYS_EMBED_SWIFT_STANDARD_LIBRARIES = YES;
				CODE_SIGN_STYLE = Automatic;
				INFOPLIST_FILE = TestDrivenDevDemoUITests/Info.plist;
				LD_RUNPATH_SEARCH_PATHS = (
					"$(inherited)",
					"@executable_path/Frameworks",
					"@loader_path/Frameworks",
				);
				PRODUCT_BUNDLE_IDENTIFIER = com.iTouchvision.TestDrivenDevDemoUITests;
				PRODUCT_NAME = "$(TARGET_NAME)";
				SWIFT_VERSION = 4.2;
				TARGETED_DEVICE_FAMILY = "1,2";
				TEST_TARGET_NAME = TestDrivenDevDemo;
			};
			name = Release;
		};
/* End XCBuildConfiguration section */

/* Begin XCConfigurationList section */
		4F602D62229BEA3F00E5D9A9 /* Build configuration list for PBXProject "TestDrivenDevDemo" */ = {
			isa = XCConfigurationList;
			buildConfigurations = (
				4F602D8D229BEA4000E5D9A9 /* Debug */,
				4F602D8E229BEA4000E5D9A9 /* Release */,
			);
			defaultConfigurationIsVisible = 0;
			defaultConfigurationName = Release;
		};
		4F602D8F229BEA4000E5D9A9 /* Build configuration list for PBXNativeTarget "TestDrivenDevDemo" */ = {
			isa = XCConfigurationList;
			buildConfigurations = (
				4F602D90229BEA4000E5D9A9 /* Debug */,
				4F602D91229BEA4000E5D9A9 /* Release */,
			);
			defaultConfigurationIsVisible = 0;
			defaultConfigurationName = Release;
		};
		4F602D92229BEA4000E5D9A9 /* Build configuration list for PBXNativeTarget "TestDrivenDevDemoTests" */ = {
			isa = XCConfigurationList;
			buildConfigurations = (
				4F602D93229BEA4000E5D9A9 /* Debug */,
				4F602D94229BEA4000E5D9A9 /* Release */,
			);
			defaultConfigurationIsVisible = 0;
			defaultConfigurationName = Release;
		};
		4F602D95229BEA4000E5D9A9 /* Build configuration list for PBXNativeTarget "TestDrivenDevDemoUITests" */ = {
			isa = XCConfigurationList;
			buildConfigurations = (
				4F602D96229BEA4000E5D9A9 /* Debug */,
				4F602D97229BEA4000E5D9A9 /* Release */,
			);
			defaultConfigurationIsVisible = 0;
			defaultConfigurationName = Release;
		};
/* End XCConfigurationList section */
	};
	rootObject = 4F602D5F229BEA3F00E5D9A9 /* Project object */;
}
